
Microsoft Visual Studio Solution File, Format Version 12.00
# Visual Studio Version 17
VisualStudioVersion = 17.2.32616.157
MinimumVisualStudioVersion = 10.0.40219.1
Project("{FAE04EC0-301F-11D3-BF4B-00C04F79EFBC}") = "DockerApi", "DockerApi\DockerApi.csproj", "{53B58BBC-97FC-4873-AF59-27CD8A1F4BBF}"
EndProject
Global
	GlobalSection(SolutionConfigurationPlatforms) = preSolution
		Debug|Any CPU = Debug|Any CPU
		Release|Any CPU = Release|Any CPU
	EndGlobalSection
	GlobalSection(ProjectConfigurationPlatforms) = postSolution
		{53B58BBC-97FC-4873-AF59-27CD8A1F4BBF}.Debug|Any CPU.ActiveCfg = Debug|Any CPU
		{53B58BBC-97FC-4873-AF59-27CD8A1F4BBF}.Debug|Any CPU.Build.0 = Debug|Any CPU
		{53B58BBC-97FC-4873-AF59-27CD8A1F4BBF}.Release|Any CPU.ActiveCfg = Release|Any CPU
		{53B58BBC-97FC-4873-AF59-27CD8A1F4BBF}.Release|Any CPU.Build.0 = Release|Any CPU
	EndGlobalSection
	GlobalSection(SolutionProperties) = preSolution
		HideSolutionNode = FALSE
	EndGlobalSection
	GlobalSection(ExtensibilityGlobals) = postSolution
		SolutionGuid = {3CCFCF04-2B95-4335-AE7F-84FED9FFC395}
	EndGlobalSection
EndGlobal
